
Microsoft Visual Studio Solution File, Format Version 12.00
# Visual Studio Version 16
VisualStudioVersion = 16.0.31019.35
MinimumVisualStudioVersion = 10.0.40219.1
Project("{2150E333-8FDC-42A3-9474-1A3956D46DE8}") = "Config", "Config", "{D531F9E4-F24E-4BC9-B902-D4B0BD57487D}"
	ProjectSection(SolutionItems) = preProject
		Directory.Build.props = Directory.Build.props
	EndProjectSection
EndProject
Project("{9A19103F-16F7-4668-BE54-9A1E7A4F7556}") = "Rubik.Theme", "src\Rubik.Theme\Rubik.Theme.csproj", "{D77744A0-C158-455D-AF71-9F748FC71856}"
EndProject
Project("{9A19103F-16F7-4668-BE54-9A1E7A4F7556}") = "Rubik.Demo", "src\Rubik.Demo\Rubik.Demo.csproj", "{0E1D9115-6109-4B69-AFB6-CBD875BA6CAA}"
EndProject
Project("{FAE04EC0-301F-11D3-BF4B-00C04F79EFBC}") = "Rubik.Service", "src\Rubik.Service\Rubik.Service.csproj", "{1AC7401A-F4B8-40B3-91E9-2679AF6FAE97}"
EndProject
Project("{2150E333-8FDC-42A3-9474-1A3956D46DE8}") = "Demos", "Demos", "{3EA0ECDE-6D02-48E4-AC3F-56B9EDEDC3A0}"
EndProject
Project("{FAE04EC0-301F-11D3-BF4B-00C04F79EFBC}") = "Rubik.LiveChartDemo", "src\Demos\Rubik.LiveChartDemo\Rubik.LiveChartDemo.csproj", "{3AA387DF-01A6-44B9-9223-8F0D6D8301EC}"
EndProject
Global
	GlobalSection(SolutionConfigurationPlatforms) = preSolution
		Debug|Any CPU = Debug|Any CPU
		Release|Any CPU = Release|Any CPU
	EndGlobalSection
	GlobalSection(ProjectConfigurationPlatforms) = postSolution
		{D77744A0-C158-455D-AF71-9F748FC71856}.Debug|Any CPU.ActiveCfg = Debug|Any CPU
		{D77744A0-C158-455D-AF71-9F748FC71856}.Debug|Any CPU.Build.0 = Debug|Any CPU
		{D77744A0-C158-455D-AF71-9F748FC71856}.Release|Any CPU.ActiveCfg = Release|Any CPU
		{D77744A0-C158-455D-AF71-9F748FC71856}.Release|Any CPU.Build.0 = Release|Any CPU
		{0E1D9115-6109-4B69-AFB6-CBD875BA6CAA}.Debug|Any CPU.ActiveCfg = Debug|Any CPU
		{0E1D9115-6109-4B69-AFB6-CBD875BA6CAA}.Debug|Any CPU.Build.0 = Debug|Any CPU
		{0E1D9115-6109-4B69-AFB6-CBD875BA6CAA}.Release|Any CPU.ActiveCfg = Release|Any CPU
		{0E1D9115-6109-4B69-AFB6-CBD875BA6CAA}.Release|Any CPU.Build.0 = Release|Any CPU
		{1AC7401A-F4B8-40B3-91E9-2679AF6FAE97}.Debug|Any CPU.ActiveCfg = Debug|Any CPU
		{1AC7401A-F4B8-40B3-91E9-2679AF6FAE97}.Debug|Any CPU.Build.0 = Debug|Any CPU
		{1AC7401A-F4B8-40B3-91E9-2679AF6FAE97}.Release|Any CPU.ActiveCfg = Release|Any CPU
		{1AC7401A-F4B8-40B3-91E9-2679AF6FAE97}.Release|Any CPU.Build.0 = Release|Any CPU
		{3AA387DF-01A6-44B9-9223-8F0D6D8301EC}.Debug|Any CPU.ActiveCfg = Debug|Any CPU
		{3AA387DF-01A6-44B9-9223-8F0D6D8301EC}.Debug|Any CPU.Build.0 = Debug|Any CPU
		{3AA387DF-01A6-44B9-9223-8F0D6D8301EC}.Release|Any CPU.ActiveCfg = Release|Any CPU
		{3AA387DF-01A6-44B9-9223-8F0D6D8301EC}.Release|Any CPU.Build.0 = Release|Any CPU
	EndGlobalSection
	GlobalSection(SolutionProperties) = preSolution
		HideSolutionNode = FALSE
	EndGlobalSection
	GlobalSection(NestedProjects) = preSolution
		{3AA387DF-01A6-44B9-9223-8F0D6D8301EC} = {3EA0ECDE-6D02-48E4-AC3F-56B9EDEDC3A0}
	EndGlobalSection
	GlobalSection(ExtensibilityGlobals) = postSolution
		SolutionGuid = {A312243A-4B26-4F48-B018-E0AD3A362A28}
	EndGlobalSection
EndGlobal
